
Microsoft Visual Studio Solution File, Format Version 12.00
# Visual Studio 2013
VisualStudioVersion = 12.0.40629.0
MinimumVisualStudioVersion = 10.0.40219.1
Project("{8BC9CEB8-8B4A-11D0-8D11-00A0C91BC942}") = "very_last_engine_ever", "very_last_engine_ever.vcxproj", "{CD862F66-C73B-4E6B-87DE-FB5519A91A5D}"
EndProject
Project("{2150E333-8FDC-42A3-9474-1A3956D46DE8}") = ".nuget", ".nuget", "{663F01B8-AD33-4756-9036-A301BA68A106}"
	ProjectSection(SolutionItems) = preProject
		.nuget\packages.config = .nuget\packages.config
	EndProjectSection
EndProject
Global
	GlobalSection(SolutionConfigurationPlatforms) = preSolution
		Debug|Win32 = Debug|Win32
		Debug|x64 = Debug|x64
		Release|Win32 = Release|Win32
		Release|x64 = Release|x64
		SyncRelease|Win32 = SyncRelease|Win32
		SyncRelease|x64 = SyncRelease|x64
	EndGlobalSection
	GlobalSection(ProjectConfigurationPlatforms) = postSolution
		{CD862F66-C73B-4E6B-87DE-FB5519A91A5D}.Debug|Win32.ActiveCfg = Debug|Win32
		{CD862F66-C73B-4E6B-87DE-FB5519A91A5D}.Debug|Win32.Build.0 = Debug|Win32
		{CD862F66-C73B-4E6B-87DE-FB5519A91A5D}.Debug|x64.ActiveCfg = Debug|x64
		{CD862F66-C73B-4E6B-87DE-FB5519A91A5D}.Debug|x64.Build.0 = Debug|x64
		{CD862F66-C73B-4E6B-87DE-FB5519A91A5D}.Release|Win32.ActiveCfg = Release|Win32
		{CD862F66-C73B-4E6B-87DE-FB5519A91A5D}.Release|Win32.Build.0 = Release|Win32
		{CD862F66-C73B-4E6B-87DE-FB5519A91A5D}.Release|x64.ActiveCfg = Release|x64
		{CD862F66-C73B-4E6B-87DE-FB5519A91A5D}.Release|x64.Build.0 = Release|x64
		{CD862F66-C73B-4E6B-87DE-FB5519A91A5D}.SyncRelease|Win32.ActiveCfg = SyncRelease|Win32
		{CD862F66-C73B-4E6B-87DE-FB5519A91A5D}.SyncRelease|Win32.Build.0 = SyncRelease|Win32
		{CD862F66-C73B-4E6B-87DE-FB5519A91A5D}.SyncRelease|x64.ActiveCfg = SyncRelease|x64
		{CD862F66-C73B-4E6B-87DE-FB5519A91A5D}.SyncRelease|x64.Build.0 = SyncRelease|x64
	EndGlobalSection
	GlobalSection(SolutionProperties) = preSolution
		HideSolutionNode = FALSE
	EndGlobalSection
EndGlobal
